
Microsoft Visual Studio Solution File, Format Version 12.00
# Visual Studio Version 16
VisualStudioVersion = 16.0.31911.196
MinimumVisualStudioVersion = 10.0.40219.1
Project("{9A19103F-16F7-4668-BE54-9A1E7A4F7556}") = "AuthExample.Web", "AuthExample.Web\AuthExample.Web.csproj", "{5AA5F0A3-D74F-4F8D-8681-6811F386C2E5}"
EndProject
Project("{9A19103F-16F7-4668-BE54-9A1E7A4F7556}") = "AuthExample.Fias", "AuthExample.Fias\AuthExample.Fias.csproj", "{073D38ED-1DD0-4388-A19B-B2DC1B1D7EE7}"
EndProject
Project("{FAE04EC0-301F-11D3-BF4B-00C04F79EFBC}") = "AuthExample.Auth", "AuthExample.Auth\AuthExample.Auth.csproj", "{428F2654-FA0E-440D-AB6B-92BD3D4535DB}"
EndProject
Global
	GlobalSection(SolutionConfigurationPlatforms) = preSolution
		Debug|Any CPU = Debug|Any CPU
		Release|Any CPU = Release|Any CPU
	EndGlobalSection
	GlobalSection(ProjectConfigurationPlatforms) = postSolution
		{5AA5F0A3-D74F-4F8D-8681-6811F386C2E5}.Debug|Any CPU.ActiveCfg = Debug|Any CPU
		{5AA5F0A3-D74F-4F8D-8681-6811F386C2E5}.Debug|Any CPU.Build.0 = Debug|Any CPU
		{5AA5F0A3-D74F-4F8D-8681-6811F386C2E5}.Release|Any CPU.ActiveCfg = Release|Any CPU
		{5AA5F0A3-D74F-4F8D-8681-6811F386C2E5}.Release|Any CPU.Build.0 = Release|Any CPU
		{073D38ED-1DD0-4388-A19B-B2DC1B1D7EE7}.Debug|Any CPU.ActiveCfg = Debug|Any CPU
		{073D38ED-1DD0-4388-A19B-B2DC1B1D7EE7}.Debug|Any CPU.Build.0 = Debug|Any CPU
		{073D38ED-1DD0-4388-A19B-B2DC1B1D7EE7}.Release|Any CPU.ActiveCfg = Release|Any CPU
		{073D38ED-1DD0-4388-A19B-B2DC1B1D7EE7}.Release|Any CPU.Build.0 = Release|Any CPU
		{428F2654-FA0E-440D-AB6B-92BD3D4535DB}.Debug|Any CPU.ActiveCfg = Debug|Any CPU
		{428F2654-FA0E-440D-AB6B-92BD3D4535DB}.Debug|Any CPU.Build.0 = Debug|Any CPU
		{428F2654-FA0E-440D-AB6B-92BD3D4535DB}.Release|Any CPU.ActiveCfg = Release|Any CPU
		{428F2654-FA0E-440D-AB6B-92BD3D4535DB}.Release|Any CPU.Build.0 = Release|Any CPU
	EndGlobalSection
	GlobalSection(SolutionProperties) = preSolution
		HideSolutionNode = FALSE
	EndGlobalSection
	GlobalSection(ExtensibilityGlobals) = postSolution
		SolutionGuid = {299CA64F-8C49-427C-AC6E-A942596082E4}
	EndGlobalSection
EndGlobal
